<?xml version="1.0" encoding="utf-8"?>
<Project ToolsVersion="4.0" xmlns="http://schemas.microsoft.com/developer/msbuild/2003">
  <ItemGroup>
    <Filter Include="Source Files">
      <UniqueIdentifier>{4FC737F1-C7A5-4376-A066-2A32D752A2FF}</UniqueIdentifier>
      <Extensions>cpp;c;cc;cxx;def;odl;idl;hpj;bat;asm;asmx</Extensions>
    </Filter>
    <Filter Include="Header Files">
      <UniqueIdentifier>{93995380-89BD-4b04-88EB-625FBE52EBFB}</UniqueIdentifier>
      <Extensions>h;hpp;hxx;hm;inl;inc;xsd</Extensions>
    </Filter>
    <Filter Include="Resource Files">
      <UniqueIdentifier>{67DA6AB6-F800-4c08-8B7A-83BB121AAD01}</UniqueIdentifier>
      <Extensions>rc;ico;cur;bmp;dlg;rc2;rct;bin;rgs;gif;jpg;jpeg;jpe;resx;tiff;tif;png;wav;mfcribbon-ms</Extensions>
    </Filter>
  </ItemGroup>
  <ItemGroup>
    <None Include="FrameMain.txt" />
    <None Include="FrameDrawing.txt" />
  </ItemGroup>
  <ItemGroup>
    <ClInclude Include="stdafx.h">
      <Filter>Header Files</Filter>
    </ClInclude>
    <ClInclude Include="targetver.h">
      <Filter>Header Files</Filter>
    </ClInclude>
    <ClInclude Include="FQEVAL.HPP">
      <Filter>Header Files</Filter>
    </ClInclude>
    <ClInclude Include="FXEVAL.HPP">
      <Filter>Header Files</Filter>
    </ClInclude>
    <ClInclude Include="MGSORT.HPP">
      <Filter>Header Files</Filter>
    </ClInclude>
    <ClInclude Include="QuickSort.h">
      <Filter>Header Files</Filter>
    </ClInclude>
    <ClInclude Include="MemoryAllocator.h">
      <Filter>Header Files</Filter>
    </ClInclude>
    <ClInclude Include="GridModule.HPP">
      <Filter>Header Files</Filter>
    </ClInclude>
    <ClInclude Include="SCALE.HPP">
      <Filter>Header Files</Filter>
    </ClInclude>
    <ClInclude Include="MASInterface.h">
      <Filter>Header Files</Filter>
    </ClInclude>
    <ClInclude Include="KVectors.h">
      <Filter>Header Files</Filter>
    </ClInclude>
    <ClInclude Include="FrameMain.h">
      <Filter>Header Files</Filter>
    </ClInclude>
    <ClInclude Include="classesToplevel.h">
      <Filter>Header Files</Filter>
    </ClInclude>
    <ClInclude Include="FrameDrawing.h">
      <Filter>Header Files</Filter>
    </ClInclude>
  </ItemGroup>
  <ItemGroup>
    <ClCompile Include="stdafx.cpp">
      <Filter>Source Files</Filter>
    </ClCompile>
    <ClCompile Include="Mascot.cpp">
      <Filter>Source Files</Filter>
    </ClCompile>
    <ClCompile Include="F-EVAL.CPP">
      <Filter>Source Files</Filter>
    </ClCompile>
    <ClCompile Include="FXEVAL.CPP">
      <Filter>Source Files</Filter>
    </ClCompile>
    <ClCompile Include="MGSORT.CPP">
      <Filter>Source Files</Filter>
    </ClCompile>
    <ClCompile Include="FQEVAL.CPP">
      <Filter>Source Files</Filter>
    </ClCompile>
    <ClCompile Include="F1AREA.CPP">
      <Filter>Source Files</Filter>
    </ClCompile>
    <ClCompile Include="QuickSort.cpp">
      <Filter>Source Files</Filter>
    </ClCompile>
    <ClCompile Include="Intersection.cpp">
      <Filter>Source Files</Filter>
    </ClCompile>
    <ClCompile Include="GridModule.CPP">
      <Filter>Source Files</Filter>
    </ClCompile>
    <ClCompile Include="SCALE.CPP">
      <Filter>Source Files</Filter>
    </ClCompile>
    <ClCompile Include="KVectors.cpp">
      <Filter>Source Files</Filter>
    </ClCompile>
    <ClCompile Include="FrameMain.cpp">
      <Filter>Source Files</Filter>
    </ClCompile>
    <ClCompile Include="FrameDrawing.cpp">
      <Filter>Source Files</Filter>
    </ClCompile>
  </ItemGroup>
</Project>